
Microsoft Visual Studio Solution File, Format Version 12.00
# Visual Studio Version 16
VisualStudioVersion = 16.0.31005.135
MinimumVisualStudioVersion = 10.0.40219.1
Project("{FAE04EC0-301F-11D3-BF4B-00C04F79EFBC}") = "HuntTheWumpusConsole", "HuntTheWumpusConsole\HuntTheWumpusConsole.csproj", "{B71B73C3-9CA5-409E-A2F4-B9E93633217E}"
EndProject
Global
	GlobalSection(SolutionConfigurationPlatforms) = preSolution
		Debug|Any CPU = Debug|Any CPU
		Release|Any CPU = Release|Any CPU
	EndGlobalSection
	GlobalSection(ProjectConfigurationPlatforms) = postSolution
		{B71B73C3-9CA5-409E-A2F4-B9E93633217E}.Debug|Any CPU.ActiveCfg = Debug|Any CPU
		{B71B73C3-9CA5-409E-A2F4-B9E93633217E}.Debug|Any CPU.Build.0 = Debug|Any CPU
		{B71B73C3-9CA5-409E-A2F4-B9E93633217E}.Release|Any CPU.ActiveCfg = Release|Any CPU
		{B71B73C3-9CA5-409E-A2F4-B9E93633217E}.Release|Any CPU.Build.0 = Release|Any CPU
	EndGlobalSection
	GlobalSection(SolutionProperties) = preSolution
		HideSolutionNode = FALSE
	EndGlobalSection
	GlobalSection(ExtensibilityGlobals) = postSolution
		SolutionGuid = {8D3EDB5D-79A6-4167-9275-F1F4FBC5E7D2}
	EndGlobalSection
EndGlobal
